// !$*UTF8*$!
{
	archiveVersion = 1;
	classes = {
	};
	objectVersion = 52;
	objects = {

/* Begin PBXBuildFile section */
		791D50312574F76F000CD35E /* SettingsTableBoolCell.swift in Sources */ = {isa = PBXBuildFile; fileRef = 791D50302574F76F000CD35E /* SettingsTableBoolCell.swift */; };
		791D50392575317A000CD35E /* DropboxManager.swift in Sources */ = {isa = PBXBuildFile; fileRef = 791D50382575317A000CD35E /* DropboxManager.swift */; };
		791D505E2577F54B000CD35E /* AudioLevelView.swift in Sources */ = {isa = PBXBuildFile; fileRef = 791D505D2577F54A000CD35E /* AudioLevelView.swift */; };
		792D6AFD2570618D006B5360 /* ICloudView.swift in Sources */ = {isa = PBXBuildFile; fileRef = 792D6AFC2570618D006B5360 /* ICloudView.swift */; };
		7931A661256F154A005F1FDB /* CloudVC.swift in Sources */ = {isa = PBXBuildFile; fileRef = 7931A660256F154A005F1FDB /* CloudVC.swift */; };
		793D907D2580FFB8004F8A81 /* DropboxView.swift in Sources */ = {isa = PBXBuildFile; fileRef = 793D907C2580FFB8004F8A81 /* DropboxView.swift */; };
		7946F1AC251F1FA500EA9580 /* PopoverVC.swift in Sources */ = {isa = PBXBuildFile; fileRef = 7946F1AB251F1FA500EA9580 /* PopoverVC.swift */; };
		7946F1B1251F223E00EA9580 /* PopoverTableView.xib in Resources */ = {isa = PBXBuildFile; fileRef = 7946F1B0251F223E00EA9580 /* PopoverTableView.xib */; };
		7946F1B6251F282600EA9580 /* PopoverCellController.swift in Sources */ = {isa = PBXBuildFile; fileRef = 7946F1B5251F282600EA9580 /* PopoverCellController.swift */; };
		7946F1BB251F2F9800EA9580 /* PopoverCell.xib in Resources */ = {isa = PBXBuildFile; fileRef = 7946F1BA251F2F9800EA9580 /* PopoverCell.xib */; };
		7948C48A253651F700BE64E9 /* ItemDetailVC.swift in Sources */ = {isa = PBXBuildFile; fileRef = 7948C489253651F700BE64E9 /* ItemDetailVC.swift */; };
		795A0DDD25134D9600DE340B /* WaveformImageView.swift in Sources */ = {isa = PBXBuildFile; fileRef = 795A0DDC25134D9500DE340B /* WaveformImageView.swift */; };
		795A0DDF25134DFD00DE340B /* WaveformImageDrawer.swift in Sources */ = {isa = PBXBuildFile; fileRef = 795A0DDE25134DFD00DE340B /* WaveformImageDrawer.swift */; };
		795A0DE125134F3B00DE340B /* WaveformImageTypes.swift in Sources */ = {isa = PBXBuildFile; fileRef = 795A0DE025134F3B00DE340B /* WaveformImageTypes.swift */; };
		795A0DE325135A7E00DE340B /* ColorExtensions.swift in Sources */ = {isa = PBXBuildFile; fileRef = 795A0DE225135A7E00DE340B /* ColorExtensions.swift */; };
		795A0DE625149D0A00DE340B /* MetadataAddPopoverVC.swift in Sources */ = {isa = PBXBuildFile; fileRef = 795A0DE425149D0A00DE340B /* MetadataAddPopoverVC.swift */; };
		795A0DE725149D0A00DE340B /* MetadataAddPopoverView.xib in Resources */ = {isa = PBXBuildFile; fileRef = 795A0DE525149D0A00DE340B /* MetadataAddPopoverView.xib */; };
		7960298E257D8C0D00BC038A /* AudioInputGainView.swift in Sources */ = {isa = PBXBuildFile; fileRef = 7960298D257D8C0D00BC038A /* AudioInputGainView.swift */; };
		796029A3257E16D500BC038A /* AudioInputLevelView.swift in Sources */ = {isa = PBXBuildFile; fileRef = 796029A2257E16D500BC038A /* AudioInputLevelView.swift */; };
		796029BD257E1AF400BC038A /* AudioInputLevelView.xib in Resources */ = {isa = PBXBuildFile; fileRef = 796029BC257E1AF400BC038A /* AudioInputLevelView.xib */; };
		796029C5257E38F000BC038A /* AudioInputGainView.xib in Resources */ = {isa = PBXBuildFile; fileRef = 796029C4257E38F000BC038A /* AudioInputGainView.xib */; };
		797505082523D011002C21C5 /* MDataAudioCell.xib in Resources */ = {isa = PBXBuildFile; fileRef = 797505072523D011002C21C5 /* MDataAudioCell.xib */; };
		7975050D2523D22D002C21C5 /* MDataAudioCellController.swift in Sources */ = {isa = PBXBuildFile; fileRef = 7975050C2523D22D002C21C5 /* MDataAudioCellController.swift */; };
		7975051325246B50002C21C5 /* MDataAudioPopoverVC.swift in Sources */ = {isa = PBXBuildFile; fileRef = 7975051125246B50002C21C5 /* MDataAudioPopoverVC.swift */; };
		7975051425246B50002C21C5 /* MDataAudioPopover.xib in Resources */ = {isa = PBXBuildFile; fileRef = 7975051225246B50002C21C5 /* MDataAudioPopover.xib */; };
		7975051D2524DAE8002C21C5 /* Recorder.swift in Sources */ = {isa = PBXBuildFile; fileRef = 7975051C2524DAE8002C21C5 /* Recorder.swift */; };
		79825BA124D97B15008C0D04 /* SettingsVC.swift in Sources */ = {isa = PBXBuildFile; fileRef = 79825BA024D97B15008C0D04 /* SettingsVC.swift */; };
		79825BA324DA0D45008C0D04 /* TakesVC.swift in Sources */ = {isa = PBXBuildFile; fileRef = 79825BA224DA0D45008C0D04 /* TakesVC.swift */; };
		79825BA524DA1082008C0D04 /* SettingsTableViewCell.swift in Sources */ = {isa = PBXBuildFile; fileRef = 79825BA424DA1082008C0D04 /* SettingsTableViewCell.swift */; };
		79825BA724DA145A008C0D04 /* Settings.swift in Sources */ = {isa = PBXBuildFile; fileRef = 79825BA624DA145A008C0D04 /* Settings.swift */; };
		798545AC2506D41100D6A1D2 /* data in Resources */ = {isa = PBXBuildFile; fileRef = 798545AB2506D41100D6A1D2 /* data */; };
		798545AF2506D6DB00D6A1D2 /* CategoryPopoverVC.swift in Sources */ = {isa = PBXBuildFile; fileRef = 798545AE2506D6DB00D6A1D2 /* CategoryPopoverVC.swift */; };
		798545B32506EBE800D6A1D2 /* CategoryPopoverView.xib in Resources */ = {isa = PBXBuildFile; fileRef = 798545B22506EBE800D6A1D2 /* CategoryPopoverView.xib */; };
		798545B6250A16D800D6A1D2 /* MDataTextEditCellController.swift in Sources */ = {isa = PBXBuildFile; fileRef = 798545B4250A16D800D6A1D2 /* MDataTextEditCellController.swift */; };
		798545B7250A16D800D6A1D2 /* MDataTextEditCell.xib in Resources */ = {isa = PBXBuildFile; fileRef = 798545B5250A16D800D6A1D2 /* MDataTextEditCell.xib */; };
		798656F52514A8C700DD610F /* MetadataAddCell.xib in Resources */ = {isa = PBXBuildFile; fileRef = 798656F42514A8C700DD610F /* MetadataAddCell.xib */; };
		798656F72514A92800DD610F /* MetadataAddCellController.swift in Sources */ = {isa = PBXBuildFile; fileRef = 798656F62514A92800DD610F /* MetadataAddCellController.swift */; };
		798F3E79253E1729002971B2 /* Readme.md in Resources */ = {isa = PBXBuildFile; fileRef = 798F3E78253E1729002971B2 /* Readme.md */; };
		798F3E7F2540DD55002971B2 /* Alamofire in Frameworks */ = {isa = PBXBuildFile; productRef = 798F3E7E2540DD55002971B2 /* Alamofire */; };
		7992D4D6252CB16A00D4E40F /* SwiftyDropbox in Frameworks */ = {isa = PBXBuildFile; productRef = 7992D4D5252CB16A00D4E40F /* SwiftyDropbox */; };
		79BDA06424FF94D60000B18B /* AudioInputVisualizer.xib in Resources */ = {isa = PBXBuildFile; fileRef = 79BDA06324FF94D60000B18B /* AudioInputVisualizer.xib */; };
		79BDA06624FF958B0000B18B /* AudioInputVisualizer.swift in Sources */ = {isa = PBXBuildFile; fileRef = 79BDA06524FF958B0000B18B /* AudioInputVisualizer.swift */; };
		79BDA0682500C9F50000B18B /* AudioCaptureSession.swift in Sources */ = {isa = PBXBuildFile; fileRef = 79BDA0672500C9F50000B18B /* AudioCaptureSession.swift */; };
		79BDA06B25011AFE0000B18B /* MetaDataItem.swift in Sources */ = {isa = PBXBuildFile; fileRef = 79BDA06A25011AFE0000B18B /* MetaDataItem.swift */; };
		79BDA06D25011D310000B18B /* MetaDataDescription.swift in Sources */ = {isa = PBXBuildFile; fileRef = 79BDA06C25011D310000B18B /* MetaDataDescription.swift */; };
		79BDA070250125B00000B18B /* JSONParser.swift in Sources */ = {isa = PBXBuildFile; fileRef = 79BDA06F250125B00000B18B /* JSONParser.swift */; };
		79BDA07225022DFB0000B18B /* TakeVC.swift in Sources */ = {isa = PBXBuildFile; fileRef = 79BDA07125022DFB0000B18B /* TakeVC.swift */; };
		79BDA07C250256900000B18B /* MDataStaticCellController.swift in Sources */ = {isa = PBXBuildFile; fileRef = 79BDA07A250256900000B18B /* MDataStaticCellController.swift */; };
		79BDA07D250256900000B18B /* MDataStaticCell.xib in Resources */ = {isa = PBXBuildFile; fileRef = 79BDA07B250256900000B18B /* MDataStaticCell.xib */; };
		79BDA0802503C0D40000B18B /* MDataEditCellController.swift in Sources */ = {isa = PBXBuildFile; fileRef = 79BDA07E2503C0D40000B18B /* MDataEditCellController.swift */; };
		79BDA0812503C0D40000B18B /* MDataEditCell.xib in Resources */ = {isa = PBXBuildFile; fileRef = 79BDA07F2503C0D40000B18B /* MDataEditCell.xib */; };
		79BDA0832503DA210000B18B /* TakeCollectionViewFlowLayout.swift in Sources */ = {isa = PBXBuildFile; fileRef = 79BDA0822503DA210000B18B /* TakeCollectionViewFlowLayout.swift */; };
		79BDA086250433370000B18B /* MDataActiveDoubleCellController.swift in Sources */ = {isa = PBXBuildFile; fileRef = 79BDA084250433370000B18B /* MDataActiveDoubleCellController.swift */; };
		79BDA087250433370000B18B /* MDataActiveDoubleCell.xib in Resources */ = {isa = PBXBuildFile; fileRef = 79BDA085250433370000B18B /* MDataActiveDoubleCell.xib */; };
		79BDA08A2504B2690000B18B /* MDataSectionHeader.swift in Sources */ = {isa = PBXBuildFile; fileRef = 79BDA0882504B2690000B18B /* MDataSectionHeader.swift */; };
		79BDA08B2504B2690000B18B /* MDataSectionHeader.xib in Resources */ = {isa = PBXBuildFile; fileRef = 79BDA0892504B2690000B18B /* MDataSectionHeader.xib */; };
		79BDA08D2506D2510000B18B /* CategoryParser.swift in Sources */ = {isa = PBXBuildFile; fileRef = 79BDA08C2506D2510000B18B /* CategoryParser.swift */; };
		79C83DBA24DA92CE00B23001 /* UserSettings.swift in Sources */ = {isa = PBXBuildFile; fileRef = 79C83DB924DA92CE00B23001 /* UserSettings.swift */; };
		79CA624A251BE9E300FB53A0 /* MDataImageCellController.swift in Sources */ = {isa = PBXBuildFile; fileRef = 79CA6249251BE9E300FB53A0 /* MDataImageCellController.swift */; };
		79CA624C251BEAAB00FB53A0 /* MDataImageCell.xib in Resources */ = {isa = PBXBuildFile; fileRef = 79CA624B251BEAAA00FB53A0 /* MDataImageCell.xib */; };
		79CA624F251BF7DD00FB53A0 /* ImagePicker.swift in Sources */ = {isa = PBXBuildFile; fileRef = 79CA624E251BF7DD00FB53A0 /* ImagePicker.swift */; };
		79CDBBA324FD63FA005AA182 /* TakesTableViewCell.swift in Sources */ = {isa = PBXBuildFile; fileRef = 79CDBBA224FD63FA005AA182 /* TakesTableViewCell.swift */; };
		79CDBBA524FDA7AE005AA182 /* Take.swift in Sources */ = {isa = PBXBuildFile; fileRef = 79CDBBA424FDA7AE005AA182 /* Take.swift */; };
		79CDBBA824FE44E3005AA182 /* Extensions.swift in Sources */ = {isa = PBXBuildFile; fileRef = 79CDBBA724FE44E3005AA182 /* Extensions.swift */; };
		79CDBBAA24FE5313005AA182 /* Takes.swift in Sources */ = {isa = PBXBuildFile; fileRef = 79CDBBA924FE5313005AA182 /* Takes.swift */; };
		79CDBBAD24FE650F005AA182 /* ModalAudioPlayerVC.swift in Sources */ = {isa = PBXBuildFile; fileRef = 79CDBBAC24FE650F005AA182 /* ModalAudioPlayerVC.swift */; };
		79D223C224D950D000900F31 /* AppDelegate.swift in Sources */ = {isa = PBXBuildFile; fileRef = 79D223C124D950D000900F31 /* AppDelegate.swift */; };
		79D223C424D950D000900F31 /* SceneDelegate.swift in Sources */ = {isa = PBXBuildFile; fileRef = 79D223C324D950D000900F31 /* SceneDelegate.swift */; };
		79D223C924D950D000900F31 /* Main.storyboard in Resources */ = {isa = PBXBuildFile; fileRef = 79D223C724D950D000900F31 /* Main.storyboard */; };
		79D223CC24D950D000900F31 /* AudioRecorder.xcdatamodeld in Sources */ = {isa = PBXBuildFile; fileRef = 79D223CA24D950D000900F31 /* AudioRecorder.xcdatamodeld */; };
		79D223CE24D950D200900F31 /* Assets.xcassets in Resources */ = {isa = PBXBuildFile; fileRef = 79D223CD24D950D200900F31 /* Assets.xcassets */; };
		79D223D124D950D200900F31 /* LaunchScreen.storyboard in Resources */ = {isa = PBXBuildFile; fileRef = 79D223CF24D950D200900F31 /* LaunchScreen.storyboard */; };
		79D223DC24D950D200900F31 /* AudioRecorderTests.swift in Sources */ = {isa = PBXBuildFile; fileRef = 79D223DB24D950D200900F31 /* AudioRecorderTests.swift */; };
		79D223E724D950D200900F31 /* AudioRecorderUITests.swift in Sources */ = {isa = PBXBuildFile; fileRef = 79D223E624D950D200900F31 /* AudioRecorderUITests.swift */; };
		79D223F524D95AFF00900F31 /* CoreDataController.swift in Sources */ = {isa = PBXBuildFile; fileRef = 79D223F424D95AFF00900F31 /* CoreDataController.swift */; };
		79D223F724D9600C00900F31 /* RecordVC.swift in Sources */ = {isa = PBXBuildFile; fileRef = 79D223F624D9600C00900F31 /* RecordVC.swift */; };
		79D223FC24D967DB00900F31 /* Colors.swift in Sources */ = {isa = PBXBuildFile; fileRef = 79D223FB24D967DB00900F31 /* Colors.swift */; };
		79D223FF24D975B500900F31 /* RecordingTimer.swift in Sources */ = {isa = PBXBuildFile; fileRef = 79D223FE24D975B500900F31 /* RecordingTimer.swift */; };
		79DC8CE52510010300396FE1 /* ShareVC.swift in Sources */ = {isa = PBXBuildFile; fileRef = 79DC8CE42510010200396FE1 /* ShareVC.swift */; };
		79DC8CE8251003E800396FE1 /* CloudDataManager.swift in Sources */ = {isa = PBXBuildFile; fileRef = 79DC8CE7251003E800396FE1 /* CloudDataManager.swift */; };
		79DC8CEC25100F3300396FE1 /* CloudKit.framework in Frameworks */ = {isa = PBXBuildFile; fileRef = 79DC8CEB25100F3300396FE1 /* CloudKit.framework */; };
		79DC8CEE25101CEC00396FE1 /* TakeCKRecordModel.swift in Sources */ = {isa = PBXBuildFile; fileRef = 79DC8CED25101CEC00396FE1 /* TakeCKRecordModel.swift */; };
		79DC8CF025116C8300396FE1 /* WaveformAnalyzer.swift in Sources */ = {isa = PBXBuildFile; fileRef = 79DC8CEF25116C8300396FE1 /* WaveformAnalyzer.swift */; };
		79DC8CF225116D6F00396FE1 /* TempiFFT.swift in Sources */ = {isa = PBXBuildFile; fileRef = 79DC8CF125116D6F00396FE1 /* TempiFFT.swift */; };
		79E257092598B2B500C18BC2 /* IndicatorViewController.swift in Sources */ = {isa = PBXBuildFile; fileRef = 79E257082598B2B500C18BC2 /* IndicatorViewController.swift */; };
		79ECC8E8256E470C00F1E7FE /* TakeTableDetailViewCell.swift in Sources */ = {isa = PBXBuildFile; fileRef = 79ECC8E7256E470C00F1E7FE /* TakeTableDetailViewCell.swift */; };
		79F000322529CEDE00535143 /* DropboxVC.swift in Sources */ = {isa = PBXBuildFile; fileRef = 79F000312529CEDE00535143 /* DropboxVC.swift */; };
/* End PBXBuildFile section */

/* Begin PBXContainerItemProxy section */
		79D223D824D950D200900F31 /* PBXContainerItemProxy */ = {
			isa = PBXContainerItemProxy;
			containerPortal = 79D223B624D950D000900F31 /* Project object */;
			proxyType = 1;
			remoteGlobalIDString = 79D223BD24D950D000900F31;
			remoteInfo = AudioRecorder;
		};
		79D223E324D950D200900F31 /* PBXContainerItemProxy */ = {
			isa = PBXContainerItemProxy;
			containerPortal = 79D223B624D950D000900F31 /* Project object */;
			proxyType = 1;
			remoteGlobalIDString = 79D223BD24D950D000900F31;
			remoteInfo = AudioRecorder;
		};
/* End PBXContainerItemProxy section */

/* Begin PBXFileReference section */
		791D50302574F76F000CD35E /* SettingsTableBoolCell.swift */ = {isa = PBXFileReference; lastKnownFileType = sourcecode.swift; path = SettingsTableBoolCell.swift; sourceTree = "<group>"; };
		791D50382575317A000CD35E /* DropboxManager.swift */ = {isa = PBXFileReference; lastKnownFileType = sourcecode.swift; path = DropboxManager.swift; sourceTree = "<group>"; };
		791D505D2577F54A000CD35E /* AudioLevelView.swift */ = {isa = PBXFileReference; lastKnownFileType = sourcecode.swift; path = AudioLevelView.swift; sourceTree = "<group>"; };
		792D6AFC2570618D006B5360 /* ICloudView.swift */ = {isa = PBXFileReference; lastKnownFileType = sourcecode.swift; path = ICloudView.swift; sourceTree = "<group>"; };
		7931A660256F154A005F1FDB /* CloudVC.swift */ = {isa = PBXFileReference; lastKnownFileType = sourcecode.swift; path = CloudVC.swift; sourceTree = "<group>"; };
		793D907C2580FFB8004F8A81 /* DropboxView.swift */ = {isa = PBXFileReference; lastKnownFileType = sourcecode.swift; path = DropboxView.swift; sourceTree = "<group>"; };
		7946F1AB251F1FA500EA9580 /* PopoverVC.swift */ = {isa = PBXFileReference; lastKnownFileType = sourcecode.swift; path = PopoverVC.swift; sourceTree = "<group>"; };
		7946F1B0251F223E00EA9580 /* PopoverTableView.xib */ = {isa = PBXFileReference; lastKnownFileType = file.xib; path = PopoverTableView.xib; sourceTree = "<group>"; };
		7946F1B5251F282600EA9580 /* PopoverCellController.swift */ = {isa = PBXFileReference; lastKnownFileType = sourcecode.swift; path = PopoverCellController.swift; sourceTree = "<group>"; };
		7946F1BA251F2F9800EA9580 /* PopoverCell.xib */ = {isa = PBXFileReference; lastKnownFileType = file.xib; path = PopoverCell.xib; sourceTree = "<group>"; };
		7948C489253651F700BE64E9 /* ItemDetailVC.swift */ = {isa = PBXFileReference; lastKnownFileType = sourcecode.swift; path = ItemDetailVC.swift; sourceTree = "<group>"; };
		795A0DDC25134D9500DE340B /* WaveformImageView.swift */ = {isa = PBXFileReference; lastKnownFileType = sourcecode.swift; path = WaveformImageView.swift; sourceTree = "<group>"; };
		795A0DDE25134DFD00DE340B /* WaveformImageDrawer.swift */ = {isa = PBXFileReference; lastKnownFileType = sourcecode.swift; path = WaveformImageDrawer.swift; sourceTree = "<group>"; };
		795A0DE025134F3B00DE340B /* WaveformImageTypes.swift */ = {isa = PBXFileReference; lastKnownFileType = sourcecode.swift; path = WaveformImageTypes.swift; sourceTree = "<group>"; };
		795A0DE225135A7E00DE340B /* ColorExtensions.swift */ = {isa = PBXFileReference; lastKnownFileType = sourcecode.swift; path = ColorExtensions.swift; sourceTree = "<group>"; };
		795A0DE425149D0A00DE340B /* MetadataAddPopoverVC.swift */ = {isa = PBXFileReference; lastKnownFileType = sourcecode.swift; path = MetadataAddPopoverVC.swift; sourceTree = "<group>"; };
		795A0DE525149D0A00DE340B /* MetadataAddPopoverView.xib */ = {isa = PBXFileReference; lastKnownFileType = file.xib; path = MetadataAddPopoverView.xib; sourceTree = "<group>"; };
		7960298D257D8C0D00BC038A /* AudioInputGainView.swift */ = {isa = PBXFileReference; lastKnownFileType = sourcecode.swift; path = AudioInputGainView.swift; sourceTree = "<group>"; };
		796029A2257E16D500BC038A /* AudioInputLevelView.swift */ = {isa = PBXFileReference; lastKnownFileType = sourcecode.swift; path = AudioInputLevelView.swift; sourceTree = "<group>"; };
		796029BC257E1AF400BC038A /* AudioInputLevelView.xib */ = {isa = PBXFileReference; lastKnownFileType = file.xib; path = AudioInputLevelView.xib; sourceTree = "<group>"; };
		796029C4257E38F000BC038A /* AudioInputGainView.xib */ = {isa = PBXFileReference; lastKnownFileType = file.xib; path = AudioInputGainView.xib; sourceTree = "<group>"; };
		797505072523D011002C21C5 /* MDataAudioCell.xib */ = {isa = PBXFileReference; lastKnownFileType = file.xib; path = MDataAudioCell.xib; sourceTree = "<group>"; };
		7975050C2523D22D002C21C5 /* MDataAudioCellController.swift */ = {isa = PBXFileReference; lastKnownFileType = sourcecode.swift; path = MDataAudioCellController.swift; sourceTree = "<group>"; };
		7975051125246B50002C21C5 /* MDataAudioPopoverVC.swift */ = {isa = PBXFileReference; lastKnownFileType = sourcecode.swift; path = MDataAudioPopoverVC.swift; sourceTree = "<group>"; };
		7975051225246B50002C21C5 /* MDataAudioPopover.xib */ = {isa = PBXFileReference; lastKnownFileType = file.xib; path = MDataAudioPopover.xib; sourceTree = "<group>"; };
		7975051C2524DAE8002C21C5 /* Recorder.swift */ = {isa = PBXFileReference; lastKnownFileType = sourcecode.swift; path = Recorder.swift; sourceTree = "<group>"; };
		79825BA024D97B15008C0D04 /* SettingsVC.swift */ = {isa = PBXFileReference; lastKnownFileType = sourcecode.swift; path = SettingsVC.swift; sourceTree = "<group>"; };
		79825BA224DA0D45008C0D04 /* TakesVC.swift */ = {isa = PBXFileReference; lastKnownFileType = sourcecode.swift; path = TakesVC.swift; sourceTree = "<group>"; };
		79825BA424DA1082008C0D04 /* SettingsTableViewCell.swift */ = {isa = PBXFileReference; lastKnownFileType = sourcecode.swift; path = SettingsTableViewCell.swift; sourceTree = "<group>"; };
		79825BA624DA145A008C0D04 /* Settings.swift */ = {isa = PBXFileReference; lastKnownFileType = sourcecode.swift; path = Settings.swift; sourceTree = "<group>"; };
		798545AB2506D41100D6A1D2 /* data */ = {isa = PBXFileReference; lastKnownFileType = folder; path = data; sourceTree = "<group>"; };
		798545AE2506D6DB00D6A1D2 /* CategoryPopoverVC.swift */ = {isa = PBXFileReference; lastKnownFileType = sourcecode.swift; path = CategoryPopoverVC.swift; sourceTree = "<group>"; };
		798545B22506EBE800D6A1D2 /* CategoryPopoverView.xib */ = {isa = PBXFileReference; lastKnownFileType = file.xib; path = CategoryPopoverView.xib; sourceTree = "<group>"; };
		798545B4250A16D800D6A1D2 /* MDataTextEditCellController.swift */ = {isa = PBXFileReference; lastKnownFileType = sourcecode.swift; path = MDataTextEditCellController.swift; sourceTree = "<group>"; };
		798545B5250A16D800D6A1D2 /* MDataTextEditCell.xib */ = {isa = PBXFileReference; lastKnownFileType = file.xib; path = MDataTextEditCell.xib; sourceTree = "<group>"; };
		798656F42514A8C700DD610F /* MetadataAddCell.xib */ = {isa = PBXFileReference; lastKnownFileType = file.xib; path = MetadataAddCell.xib; sourceTree = "<group>"; };
		798656F62514A92800DD610F /* MetadataAddCellController.swift */ = {isa = PBXFileReference; lastKnownFileType = sourcecode.swift; path = MetadataAddCellController.swift; sourceTree = "<group>"; };
		798F3E78253E1729002971B2 /* Readme.md */ = {isa = PBXFileReference; lastKnownFileType = net.daringfireball.markdown; path = Readme.md; sourceTree = "<group>"; };
		79BDA06324FF94D60000B18B /* AudioInputVisualizer.xib */ = {isa = PBXFileReference; lastKnownFileType = file.xib; path = AudioInputVisualizer.xib; sourceTree = "<group>"; };
		79BDA06524FF958B0000B18B /* AudioInputVisualizer.swift */ = {isa = PBXFileReference; lastKnownFileType = sourcecode.swift; path = AudioInputVisualizer.swift; sourceTree = "<group>"; };
		79BDA0672500C9F50000B18B /* AudioCaptureSession.swift */ = {isa = PBXFileReference; lastKnownFileType = sourcecode.swift; path = AudioCaptureSession.swift; sourceTree = "<group>"; };
		79BDA06A25011AFE0000B18B /* MetaDataItem.swift */ = {isa = PBXFileReference; lastKnownFileType = sourcecode.swift; path = MetaDataItem.swift; sourceTree = "<group>"; };
		79BDA06C25011D310000B18B /* MetaDataDescription.swift */ = {isa = PBXFileReference; lastKnownFileType = sourcecode.swift; path = MetaDataDescription.swift; sourceTree = "<group>"; };
		79BDA06F250125B00000B18B /* JSONParser.swift */ = {isa = PBXFileReference; lastKnownFileType = sourcecode.swift; path = JSONParser.swift; sourceTree = "<group>"; };
		79BDA07125022DFB0000B18B /* TakeVC.swift */ = {isa = PBXFileReference; lastKnownFileType = sourcecode.swift; path = TakeVC.swift; sourceTree = "<group>"; };
		79BDA07A250256900000B18B /* MDataStaticCellController.swift */ = {isa = PBXFileReference; lastKnownFileType = sourcecode.swift; path = MDataStaticCellController.swift; sourceTree = "<group>"; };
		79BDA07B250256900000B18B /* MDataStaticCell.xib */ = {isa = PBXFileReference; lastKnownFileType = file.xib; path = MDataStaticCell.xib; sourceTree = "<group>"; };
		79BDA07E2503C0D40000B18B /* MDataEditCellController.swift */ = {isa = PBXFileReference; lastKnownFileType = sourcecode.swift; path = MDataEditCellController.swift; sourceTree = "<group>"; };
		79BDA07F2503C0D40000B18B /* MDataEditCell.xib */ = {isa = PBXFileReference; lastKnownFileType = file.xib; path = MDataEditCell.xib; sourceTree = "<group>"; };
		79BDA0822503DA210000B18B /* TakeCollectionViewFlowLayout.swift */ = {isa = PBXFileReference; lastKnownFileType = sourcecode.swift; path = TakeCollectionViewFlowLayout.swift; sourceTree = "<group>"; };
		79BDA084250433370000B18B /* MDataActiveDoubleCellController.swift */ = {isa = PBXFileReference; lastKnownFileType = sourcecode.swift; path = MDataActiveDoubleCellController.swift; sourceTree = "<group>"; };
		79BDA085250433370000B18B /* MDataActiveDoubleCell.xib */ = {isa = PBXFileReference; lastKnownFileType = file.xib; path = MDataActiveDoubleCell.xib; sourceTree = "<group>"; };
		79BDA0882504B2690000B18B /* MDataSectionHeader.swift */ = {isa = PBXFileReference; lastKnownFileType = sourcecode.swift; path = MDataSectionHeader.swift; sourceTree = "<group>"; };
		79BDA0892504B2690000B18B /* MDataSectionHeader.xib */ = {isa = PBXFileReference; lastKnownFileType = file.xib; path = MDataSectionHeader.xib; sourceTree = "<group>"; };
		79BDA08C2506D2510000B18B /* CategoryParser.swift */ = {isa = PBXFileReference; lastKnownFileType = sourcecode.swift; path = CategoryParser.swift; sourceTree = "<group>"; };
		79C83DB924DA92CE00B23001 /* UserSettings.swift */ = {isa = PBXFileReference; lastKnownFileType = sourcecode.swift; path = UserSettings.swift; sourceTree = "<group>"; };
		79CA6248251B470800FB53A0 /* AudioRecorderDebug.entitlements */ = {isa = PBXFileReference; lastKnownFileType = text.plist.entitlements; path = AudioRecorderDebug.entitlements; sourceTree = "<group>"; };
		79CA6249251BE9E300FB53A0 /* MDataImageCellController.swift */ = {isa = PBXFileReference; lastKnownFileType = sourcecode.swift; path = MDataImageCellController.swift; sourceTree = "<group>"; };
		79CA624B251BEAAA00FB53A0 /* MDataImageCell.xib */ = {isa = PBXFileReference; lastKnownFileType = file.xib; path = MDataImageCell.xib; sourceTree = "<group>"; };
		79CA624E251BF7DD00FB53A0 /* ImagePicker.swift */ = {isa = PBXFileReference; lastKnownFileType = sourcecode.swift; path = ImagePicker.swift; sourceTree = "<group>"; };
		79CDBBA224FD63FA005AA182 /* TakesTableViewCell.swift */ = {isa = PBXFileReference; lastKnownFileType = sourcecode.swift; path = TakesTableViewCell.swift; sourceTree = "<group>"; };
		79CDBBA424FDA7AE005AA182 /* Take.swift */ = {isa = PBXFileReference; lastKnownFileType = sourcecode.swift; path = Take.swift; sourceTree = "<group>"; };
		79CDBBA724FE44E3005AA182 /* Extensions.swift */ = {isa = PBXFileReference; lastKnownFileType = sourcecode.swift; path = Extensions.swift; sourceTree = "<group>"; };
		79CDBBA924FE5313005AA182 /* Takes.swift */ = {isa = PBXFileReference; lastKnownFileType = sourcecode.swift; path = Takes.swift; sourceTree = "<group>"; };
		79CDBBAC24FE650F005AA182 /* ModalAudioPlayerVC.swift */ = {isa = PBXFileReference; lastKnownFileType = sourcecode.swift; path = ModalAudioPlayerVC.swift; sourceTree = "<group>"; };
		79D223BE24D950D000900F31 /* AudioRecorder.app */ = {isa = PBXFileReference; explicitFileType = wrapper.application; includeInIndex = 0; path = AudioRecorder.app; sourceTree = BUILT_PRODUCTS_DIR; };
		79D223C124D950D000900F31 /* AppDelegate.swift */ = {isa = PBXFileReference; lastKnownFileType = sourcecode.swift; path = AppDelegate.swift; sourceTree = "<group>"; };
		79D223C324D950D000900F31 /* SceneDelegate.swift */ = {isa = PBXFileReference; lastKnownFileType = sourcecode.swift; path = SceneDelegate.swift; sourceTree = "<group>"; };
		79D223C824D950D000900F31 /* Base */ = {isa = PBXFileReference; lastKnownFileType = file.storyboard; name = Base; path = Base.lproj/Main.storyboard; sourceTree = "<group>"; };
		79D223CB24D950D000900F31 /* AudioRecorder.xcdatamodel */ = {isa = PBXFileReference; lastKnownFileType = wrapper.xcdatamodel; path = AudioRecorder.xcdatamodel; sourceTree = "<group>"; };
		79D223CD24D950D200900F31 /* Assets.xcassets */ = {isa = PBXFileReference; lastKnownFileType = folder.assetcatalog; path = Assets.xcassets; sourceTree = "<group>"; };
		79D223D024D950D200900F31 /* Base */ = {isa = PBXFileReference; lastKnownFileType = file.storyboard; name = Base; path = Base.lproj/LaunchScreen.storyboard; sourceTree = "<group>"; };
		79D223D224D950D200900F31 /* Info.plist */ = {isa = PBXFileReference; lastKnownFileType = text.plist.xml; path = Info.plist; sourceTree = "<group>"; };
		79D223D724D950D200900F31 /* AudioRecorderTests.xctest */ = {isa = PBXFileReference; explicitFileType = wrapper.cfbundle; includeInIndex = 0; path = AudioRecorderTests.xctest; sourceTree = BUILT_PRODUCTS_DIR; };
		79D223DB24D950D200900F31 /* AudioRecorderTests.swift */ = {isa = PBXFileReference; lastKnownFileType = sourcecode.swift; path = AudioRecorderTests.swift; sourceTree = "<group>"; };
		79D223DD24D950D200900F31 /* Info.plist */ = {isa = PBXFileReference; lastKnownFileType = text.plist.xml; path = Info.plist; sourceTree = "<group>"; };
		79D223E224D950D200900F31 /* AudioRecorderUITests.xctest */ = {isa = PBXFileReference; explicitFileType = wrapper.cfbundle; includeInIndex = 0; path = AudioRecorderUITests.xctest; sourceTree = BUILT_PRODUCTS_DIR; };
		79D223E624D950D200900F31 /* AudioRecorderUITests.swift */ = {isa = PBXFileReference; lastKnownFileType = sourcecode.swift; path = AudioRecorderUITests.swift; sourceTree = "<group>"; };
		79D223E824D950D200900F31 /* Info.plist */ = {isa = PBXFileReference; lastKnownFileType = text.plist.xml; path = Info.plist; sourceTree = "<group>"; };
		79D223F424D95AFF00900F31 /* CoreDataController.swift */ = {isa = PBXFileReference; lastKnownFileType = sourcecode.swift; path = CoreDataController.swift; sourceTree = "<group>"; };
		79D223F624D9600C00900F31 /* RecordVC.swift */ = {isa = PBXFileReference; lastKnownFileType = sourcecode.swift; path = RecordVC.swift; sourceTree = "<group>"; };
		79D223FB24D967DB00900F31 /* Colors.swift */ = {isa = PBXFileReference; lastKnownFileType = sourcecode.swift; path = Colors.swift; sourceTree = "<group>"; };
		79D223FE24D975B500900F31 /* RecordingTimer.swift */ = {isa = PBXFileReference; lastKnownFileType = sourcecode.swift; path = RecordingTimer.swift; sourceTree = "<group>"; };
		79DC8CE42510010200396FE1 /* ShareVC.swift */ = {isa = PBXFileReference; lastKnownFileType = sourcecode.swift; path = ShareVC.swift; sourceTree = "<group>"; };
		79DC8CE7251003E800396FE1 /* CloudDataManager.swift */ = {isa = PBXFileReference; lastKnownFileType = sourcecode.swift; path = CloudDataManager.swift; sourceTree = "<group>"; };
		79DC8CE925100F2C00396FE1 /* AudioRecorder.entitlements */ = {isa = PBXFileReference; lastKnownFileType = text.plist.entitlements; path = AudioRecorder.entitlements; sourceTree = "<group>"; };
		79DC8CEB25100F3300396FE1 /* CloudKit.framework */ = {isa = PBXFileReference; lastKnownFileType = wrapper.framework; name = CloudKit.framework; path = System/Library/Frameworks/CloudKit.framework; sourceTree = SDKROOT; };
		79DC8CED25101CEC00396FE1 /* TakeCKRecordModel.swift */ = {isa = PBXFileReference; lastKnownFileType = sourcecode.swift; path = TakeCKRecordModel.swift; sourceTree = "<group>"; };
		79DC8CEF25116C8300396FE1 /* WaveformAnalyzer.swift */ = {isa = PBXFileReference; lastKnownFileType = sourcecode.swift; path = WaveformAnalyzer.swift; sourceTree = "<group>"; };
		79DC8CF125116D6F00396FE1 /* TempiFFT.swift */ = {isa = PBXFileReference; lastKnownFileType = sourcecode.swift; path = TempiFFT.swift; sourceTree = "<group>"; };
		79E257082598B2B500C18BC2 /* IndicatorViewController.swift */ = {isa = PBXFileReference; lastKnownFileType = sourcecode.swift; path = IndicatorViewController.swift; sourceTree = "<group>"; };
		79ECC8E7256E470C00F1E7FE /* TakeTableDetailViewCell.swift */ = {isa = PBXFileReference; lastKnownFileType = sourcecode.swift; path = TakeTableDetailViewCell.swift; sourceTree = "<group>"; };
		79F000312529CEDE00535143 /* DropboxVC.swift */ = {isa = PBXFileReference; lastKnownFileType = sourcecode.swift; path = DropboxVC.swift; sourceTree = "<group>"; };
/* End PBXFileReference section */

/* Begin PBXFrameworksBuildPhase section */
		79D223BB24D950D000900F31 /* Frameworks */ = {
			isa = PBXFrameworksBuildPhase;
			buildActionMask = 2147483647;
			files = (
				798F3E7F2540DD55002971B2 /* Alamofire in Frameworks */,
				79DC8CEC25100F3300396FE1 /* CloudKit.framework in Frameworks */,
				7992D4D6252CB16A00D4E40F /* SwiftyDropbox in Frameworks */,
			);
			runOnlyForDeploymentPostprocessing = 0;
		};
		79D223D424D950D200900F31 /* Frameworks */ = {
			isa = PBXFrameworksBuildPhase;
			buildActionMask = 2147483647;
			files = (
			);
			runOnlyForDeploymentPostprocessing = 0;
		};
		79D223DF24D950D200900F31 /* Frameworks */ = {
			isa = PBXFrameworksBuildPhase;
			buildActionMask = 2147483647;
			files = (
			);
			runOnlyForDeploymentPostprocessing = 0;
		};
/* End PBXFrameworksBuildPhase section */

/* Begin PBXGroup section */
		792D6AFB2570615C006B5360 /* Cloud */ = {
			isa = PBXGroup;
			children = (
				7931A660256F154A005F1FDB /* CloudVC.swift */,
				792D6AFC2570618D006B5360 /* ICloudView.swift */,
				793D907C2580FFB8004F8A81 /* DropboxView.swift */,
			);
			path = Cloud;
			sourceTree = "<group>";
		};
		7946F1AA251F1F6E00EA9580 /* PopoverViews */ = {
			isa = PBXGroup;
			children = (
				7946F1AB251F1FA500EA9580 /* PopoverVC.swift */,
				7946F1B0251F223E00EA9580 /* PopoverTableView.xib */,
				7946F1BA251F2F9800EA9580 /* PopoverCell.xib */,
				7946F1B5251F282600EA9580 /* PopoverCellController.swift */,
			);
			path = PopoverViews;
			sourceTree = "<group>";
		};
		7975051B2524DAC4002C21C5 /* Recorder */ = {
			isa = PBXGroup;
			children = (
				7975051C2524DAE8002C21C5 /* Recorder.swift */,
			);
			path = Recorder;
			sourceTree = "<group>";
		};
		798545AD2506D69400D6A1D2 /* Modals */ = {
			isa = PBXGroup;
			children = (
				798545AE2506D6DB00D6A1D2 /* CategoryPopoverVC.swift */,
				798545B22506EBE800D6A1D2 /* CategoryPopoverView.xib */,
				795A0DE425149D0A00DE340B /* MetadataAddPopoverVC.swift */,
				795A0DE525149D0A00DE340B /* MetadataAddPopoverView.xib */,
				798656F42514A8C700DD610F /* MetadataAddCell.xib */,
				798656F62514A92800DD610F /* MetadataAddCellController.swift */,
				7975051125246B50002C21C5 /* MDataAudioPopoverVC.swift */,
				7975051225246B50002C21C5 /* MDataAudioPopover.xib */,
			);
			path = Modals;
			sourceTree = "<group>";
		};
		79BDA06224FF94A50000B18B /* AudioVisualizer */ = {
			isa = PBXGroup;
			children = (
				79BDA06324FF94D60000B18B /* AudioInputVisualizer.xib */,
				796029BC257E1AF400BC038A /* AudioInputLevelView.xib */,
				79BDA06524FF958B0000B18B /* AudioInputVisualizer.swift */,
				79BDA0672500C9F50000B18B /* AudioCaptureSession.swift */,
				791D505D2577F54A000CD35E /* AudioLevelView.swift */,
				7960298D257D8C0D00BC038A /* AudioInputGainView.swift */,
				796029A2257E16D500BC038A /* AudioInputLevelView.swift */,
				796029C4257E38F000BC038A /* AudioInputGainView.xib */,
			);
			path = AudioVisualizer;
			sourceTree = "<group>";
		};
		79BDA06925011AE00000B18B /* MetaData */ = {
			isa = PBXGroup;
			children = (
				79BDA06A25011AFE0000B18B /* MetaDataItem.swift */,
				79BDA06C25011D310000B18B /* MetaDataDescription.swift */,
			);
			path = MetaData;
			sourceTree = "<group>";
		};
		79BDA06E250125930000B18B /* Parser */ = {
			isa = PBXGroup;
			children = (
				79BDA06F250125B00000B18B /* JSONParser.swift */,
				79BDA08C2506D2510000B18B /* CategoryParser.swift */,
			);
			path = Parser;
			sourceTree = "<group>";
		};
		79BDA0732502548E0000B18B /* TakeCollectionView */ = {
			isa = PBXGroup;
			children = (
				798545AD2506D69400D6A1D2 /* Modals */,
				79BDA075250254B80000B18B /* Xib */,
				79BDA074250254A50000B18B /* Controller */,
			);
			path = TakeCollectionView;
			sourceTree = "<group>";
		};
		79BDA074250254A50000B18B /* Controller */ = {
			isa = PBXGroup;
			children = (
				79BDA07A250256900000B18B /* MDataStaticCellController.swift */,
				79BDA07E2503C0D40000B18B /* MDataEditCellController.swift */,
				79BDA084250433370000B18B /* MDataActiveDoubleCellController.swift */,
				79BDA0882504B2690000B18B /* MDataSectionHeader.swift */,
				798545B4250A16D800D6A1D2 /* MDataTextEditCellController.swift */,
				79CA6249251BE9E300FB53A0 /* MDataImageCellController.swift */,
				7975050C2523D22D002C21C5 /* MDataAudioCellController.swift */,
			);
			path = Controller;
			sourceTree = "<group>";
		};
		79BDA075250254B80000B18B /* Xib */ = {
			isa = PBXGroup;
			children = (
				79BDA07B250256900000B18B /* MDataStaticCell.xib */,
				79BDA07F2503C0D40000B18B /* MDataEditCell.xib */,
				79BDA085250433370000B18B /* MDataActiveDoubleCell.xib */,
				79BDA0892504B2690000B18B /* MDataSectionHeader.xib */,
				798545B5250A16D800D6A1D2 /* MDataTextEditCell.xib */,
				79CA624B251BEAAA00FB53A0 /* MDataImageCell.xib */,
				797505072523D011002C21C5 /* MDataAudioCell.xib */,
			);
			path = Xib;
			sourceTree = "<group>";
		};
		79CA624D251BF79300FB53A0 /* mediaAssets */ = {
			isa = PBXGroup;
			children = (
				79CA624E251BF7DD00FB53A0 /* ImagePicker.swift */,
			);
			path = mediaAssets;
			sourceTree = "<group>";
		};
		79CDBBA124FD63C2005AA182 /* Takes */ = {
			isa = PBXGroup;
			children = (
				79CDBBA224FD63FA005AA182 /* TakesTableViewCell.swift */,
				79CDBBA424FDA7AE005AA182 /* Take.swift */,
				79CDBBA924FE5313005AA182 /* Takes.swift */,
				79ECC8E7256E470C00F1E7FE /* TakeTableDetailViewCell.swift */,
			);
			path = Takes;
			sourceTree = "<group>";
		};
		79CDBBA624FE44C6005AA182 /* Extensions */ = {
			isa = PBXGroup;
			children = (
				79CDBBA724FE44E3005AA182 /* Extensions.swift */,
			);
			path = Extensions;
			sourceTree = "<group>";
		};
		79CDBBAB24FE64EB005AA182 /* Player */ = {
			isa = PBXGroup;
			children = (
				79CDBBAC24FE650F005AA182 /* ModalAudioPlayerVC.swift */,
				79DC8CEF25116C8300396FE1 /* WaveformAnalyzer.swift */,
				79DC8CF125116D6F00396FE1 /* TempiFFT.swift */,
				795A0DDC25134D9500DE340B /* WaveformImageView.swift */,
				795A0DDE25134DFD00DE340B /* WaveformImageDrawer.swift */,
				795A0DE025134F3B00DE340B /* WaveformImageTypes.swift */,
				795A0DE225135A7E00DE340B /* ColorExtensions.swift */,
			);
			path = Player;
			sourceTree = "<group>";
		};
		79D223B524D950D000900F31 = {
			isa = PBXGroup;
			children = (
				79D223C024D950D000900F31 /* AudioRecorder */,
				79D223DA24D950D200900F31 /* AudioRecorderTests */,
				79D223E524D950D200900F31 /* AudioRecorderUITests */,
				79DC8CEA25100F3300396FE1 /* Frameworks */,
				79D223BF24D950D000900F31 /* Products */,
			);
			sourceTree = "<group>";
		};
		79D223BF24D950D000900F31 /* Products */ = {
			isa = PBXGroup;
			children = (
				79D223BE24D950D000900F31 /* AudioRecorder.app */,
				79D223D724D950D200900F31 /* AudioRecorderTests.xctest */,
				79D223E224D950D200900F31 /* AudioRecorderUITests.xctest */,
			);
			name = Products;
			sourceTree = "<group>";
		};
		79D223C024D950D000900F31 /* AudioRecorder */ = {
			isa = PBXGroup;
			children = (
				79CA624D251BF79300FB53A0 /* mediaAssets */,
				79CA6248251B470800FB53A0 /* AudioRecorderDebug.entitlements */,
				79DC8CE925100F2C00396FE1 /* AudioRecorder.entitlements */,
				79DC8CE6251003C700396FE1 /* share */,
				798545AB2506D41100D6A1D2 /* data */,
				79BDA06E250125930000B18B /* Parser */,
				79BDA06925011AE00000B18B /* MetaData */,
				79BDA06224FF94A50000B18B /* AudioVisualizer */,
				7975051B2524DAC4002C21C5 /* Recorder */,
				79CDBBAB24FE64EB005AA182 /* Player */,
				79D223F824D965D400900F31 /* ViewController */,
				79CDBBA624FE44C6005AA182 /* Extensions */,
				79CDBBA124FD63C2005AA182 /* Takes */,
				79D223FD24D9759700900F31 /* Timer */,
				79D223FA24D967A800900F31 /* Settings */,
				79D223F924D965E500900F31 /* CoreData */,
				79D223C124D950D000900F31 /* AppDelegate.swift */,
				79D223C324D950D000900F31 /* SceneDelegate.swift */,
				79D223C724D950D000900F31 /* Main.storyboard */,
				79D223CD24D950D200900F31 /* Assets.xcassets */,
				79D223CF24D950D200900F31 /* LaunchScreen.storyboard */,
				79D223D224D950D200900F31 /* Info.plist */,
				798F3E78253E1729002971B2 /* Readme.md */,
			);
			path = AudioRecorder;
			sourceTree = "<group>";
		};
		79D223DA24D950D200900F31 /* AudioRecorderTests */ = {
			isa = PBXGroup;
			children = (
				79D223DB24D950D200900F31 /* AudioRecorderTests.swift */,
				79D223DD24D950D200900F31 /* Info.plist */,
			);
			path = AudioRecorderTests;
			sourceTree = "<group>";
		};
		79D223E524D950D200900F31 /* AudioRecorderUITests */ = {
			isa = PBXGroup;
			children = (
				79D223E624D950D200900F31 /* AudioRecorderUITests.swift */,
				79D223E824D950D200900F31 /* Info.plist */,
			);
			path = AudioRecorderUITests;
			sourceTree = "<group>";
		};
		79D223F824D965D400900F31 /* ViewController */ = {
			isa = PBXGroup;
			children = (
				792D6AFB2570615C006B5360 /* Cloud */,
				7946F1AA251F1F6E00EA9580 /* PopoverViews */,
				79BDA0732502548E0000B18B /* TakeCollectionView */,
				79D223F624D9600C00900F31 /* RecordVC.swift */,
				79825BA024D97B15008C0D04 /* SettingsVC.swift */,
				79825BA224DA0D45008C0D04 /* TakesVC.swift */,
				79BDA07125022DFB0000B18B /* TakeVC.swift */,
				7948C489253651F700BE64E9 /* ItemDetailVC.swift */,
				79BDA0822503DA210000B18B /* TakeCollectionViewFlowLayout.swift */,
				79DC8CE42510010200396FE1 /* ShareVC.swift */,
				79F000312529CEDE00535143 /* DropboxVC.swift */,
				79E257082598B2B500C18BC2 /* IndicatorViewController.swift */,
			);
			path = ViewController;
			sourceTree = "<group>";
		};
		79D223F924D965E500900F31 /* CoreData */ = {
			isa = PBXGroup;
			children = (
				79D223CA24D950D000900F31 /* AudioRecorder.xcdatamodeld */,
				79D223F424D95AFF00900F31 /* CoreDataController.swift */,
			);
			path = CoreData;
			sourceTree = "<group>";
		};
		79D223FA24D967A800900F31 /* Settings */ = {
			isa = PBXGroup;
			children = (
				79D223FB24D967DB00900F31 /* Colors.swift */,
				79825BA424DA1082008C0D04 /* SettingsTableViewCell.swift */,
				791D50302574F76F000CD35E /* SettingsTableBoolCell.swift */,
				79825BA624DA145A008C0D04 /* Settings.swift */,
				79C83DB924DA92CE00B23001 /* UserSettings.swift */,
			);
			path = Settings;
			sourceTree = "<group>";
		};
		79D223FD24D9759700900F31 /* Timer */ = {
			isa = PBXGroup;
			children = (
				79D223FE24D975B500900F31 /* RecordingTimer.swift */,
			);
			path = Timer;
			sourceTree = "<group>";
		};
		79DC8CE6251003C700396FE1 /* share */ = {
			isa = PBXGroup;
			children = (
				79DC8CE7251003E800396FE1 /* CloudDataManager.swift */,
				79DC8CED25101CEC00396FE1 /* TakeCKRecordModel.swift */,
				791D50382575317A000CD35E /* DropboxManager.swift */,
			);
			path = share;
			sourceTree = "<group>";
		};
		79DC8CEA25100F3300396FE1 /* Frameworks */ = {
			isa = PBXGroup;
			children = (
				79DC8CEB25100F3300396FE1 /* CloudKit.framework */,
			);
			name = Frameworks;
			sourceTree = "<group>";
		};
/* End PBXGroup section */

/* Begin PBXNativeTarget section */
		79D223BD24D950D000900F31 /* AudioRecorder */ = {
			isa = PBXNativeTarget;
			buildConfigurationList = 79D223EB24D950D200900F31 /* Build configuration list for PBXNativeTarget "AudioRecorder" */;
			buildPhases = (
				79D223BA24D950D000900F31 /* Sources */,
				79D223BB24D950D000900F31 /* Frameworks */,
				79D223BC24D950D000900F31 /* Resources */,
			);
			buildRules = (
			);
			dependencies = (
			);
			name = AudioRecorder;
			packageProductDependencies = (
				7992D4D5252CB16A00D4E40F /* SwiftyDropbox */,
				798F3E7E2540DD55002971B2 /* Alamofire */,
			);
			productName = AudioRecorder;
			productReference = 79D223BE24D950D000900F31 /* AudioRecorder.app */;
			productType = "com.apple.product-type.application";
		};
		79D223D624D950D200900F31 /* AudioRecorderTests */ = {
			isa = PBXNativeTarget;
			buildConfigurationList = 79D223EE24D950D200900F31 /* Build configuration list for PBXNativeTarget "AudioRecorderTests" */;
			buildPhases = (
				79D223D324D950D200900F31 /* Sources */,
				79D223D424D950D200900F31 /* Frameworks */,
				79D223D524D950D200900F31 /* Resources */,
			);
			buildRules = (
			);
			dependencies = (
				79D223D924D950D200900F31 /* PBXTargetDependency */,
			);
			name = AudioRecorderTests;
			productName = AudioRecorderTests;
			productReference = 79D223D724D950D200900F31 /* AudioRecorderTests.xctest */;
			productType = "com.apple.product-type.bundle.unit-test";
		};
		79D223E124D950D200900F31 /* AudioRecorderUITests */ = {
			isa = PBXNativeTarget;
			buildConfigurationList = 79D223F124D950D200900F31 /* Build configuration list for PBXNativeTarget "AudioRecorderUITests" */;
			buildPhases = (
				79D223DE24D950D200900F31 /* Sources */,
				79D223DF24D950D200900F31 /* Frameworks */,
				79D223E024D950D200900F31 /* Resources */,
			);
			buildRules = (
			);
			dependencies = (
				79D223E424D950D200900F31 /* PBXTargetDependency */,
			);
			name = AudioRecorderUITests;
			productName = AudioRecorderUITests;
			productReference = 79D223E224D950D200900F31 /* AudioRecorderUITests.xctest */;
			productType = "com.apple.product-type.bundle.ui-testing";
		};
/* End PBXNativeTarget section */

/* Begin PBXProject section */
		79D223B624D950D000900F31 /* Project object */ = {
			isa = PBXProject;
			attributes = {
				LastSwiftUpdateCheck = 1150;
				LastUpgradeCheck = 1150;
				ORGANIZATIONNAME = Wolf;
				TargetAttributes = {
					79D223BD24D950D000900F31 = {
						CreatedOnToolsVersion = 11.5;
					};
					79D223D624D950D200900F31 = {
						CreatedOnToolsVersion = 11.5;
						TestTargetID = 79D223BD24D950D000900F31;
					};
					79D223E124D950D200900F31 = {
						CreatedOnToolsVersion = 11.5;
						TestTargetID = 79D223BD24D950D000900F31;
					};
				};
			};
			buildConfigurationList = 79D223B924D950D000900F31 /* Build configuration list for PBXProject "AudioRecorder" */;
			compatibilityVersion = "Xcode 9.3";
			developmentRegion = en;
			hasScannedForEncodings = 0;
			knownRegions = (
				en,
				Base,
			);
			mainGroup = 79D223B524D950D000900F31;
			packageReferences = (
				79F0002B2529C70100535143 /* XCRemoteSwiftPackageReference "SwiftyDropbox" */,
				798F3E7D2540DD55002971B2 /* XCRemoteSwiftPackageReference "Alamofire" */,
			);
			productRefGroup = 79D223BF24D950D000900F31 /* Products */;
			projectDirPath = "";
			projectRoot = "";
			targets = (
				79D223BD24D950D000900F31 /* AudioRecorder */,
				79D223D624D950D200900F31 /* AudioRecorderTests */,
				79D223E124D950D200900F31 /* AudioRecorderUITests */,
			);
		};
/* End PBXProject section */

/* Begin PBXResourcesBuildPhase section */
		79D223BC24D950D000900F31 /* Resources */ = {
			isa = PBXResourcesBuildPhase;
			buildActionMask = 2147483647;
			files = (
				798545B32506EBE800D6A1D2 /* CategoryPopoverView.xib in Resources */,
				79D223D124D950D200900F31 /* LaunchScreen.storyboard in Resources */,
				79D223CE24D950D200900F31 /* Assets.xcassets in Resources */,
				797505082523D011002C21C5 /* MDataAudioCell.xib in Resources */,
				79BDA087250433370000B18B /* MDataActiveDoubleCell.xib in Resources */,
				79D223C924D950D000900F31 /* Main.storyboard in Resources */,
				79CA624C251BEAAB00FB53A0 /* MDataImageCell.xib in Resources */,
				798545AC2506D41100D6A1D2 /* data in Resources */,
				79BDA08B2504B2690000B18B /* MDataSectionHeader.xib in Resources */,
				795A0DE725149D0A00DE340B /* MetadataAddPopoverView.xib in Resources */,
				796029BD257E1AF400BC038A /* AudioInputLevelView.xib in Resources */,
				79BDA07D250256900000B18B /* MDataStaticCell.xib in Resources */,
				79BDA06424FF94D60000B18B /* AudioInputVisualizer.xib in Resources */,
				7946F1BB251F2F9800EA9580 /* PopoverCell.xib in Resources */,
				79BDA0812503C0D40000B18B /* MDataEditCell.xib in Resources */,
				796029C5257E38F000BC038A /* AudioInputGainView.xib in Resources */,
				798656F52514A8C700DD610F /* MetadataAddCell.xib in Resources */,
				798F3E79253E1729002971B2 /* Readme.md in Resources */,
				7975051425246B50002C21C5 /* MDataAudioPopover.xib in Resources */,
				798545B7250A16D800D6A1D2 /* MDataTextEditCell.xib in Resources */,
				7946F1B1251F223E00EA9580 /* PopoverTableView.xib in Resources */,
			);
			runOnlyForDeploymentPostprocessing = 0;
		};
		79D223D524D950D200900F31 /* Resources */ = {
			isa = PBXResourcesBuildPhase;
			buildActionMask = 2147483647;
			files = (
			);
			runOnlyForDeploymentPostprocessing = 0;
		};
		79D223E024D950D200900F31 /* Resources */ = {
			isa = PBXResourcesBuildPhase;
			buildActionMask = 2147483647;
			files = (
			);
			runOnlyForDeploymentPostprocessing = 0;
		};
/* End PBXResourcesBuildPhase section */

/* Begin PBXSourcesBuildPhase section */
		79D223BA24D950D000900F31 /* Sources */ = {
			isa = PBXSourcesBuildPhase;
			buildActionMask = 2147483647;
			files = (
				79BDA07225022DFB0000B18B /* TakeVC.swift in Sources */,
				79BDA06D25011D310000B18B /* MetaDataDescription.swift in Sources */,
				79D223C224D950D000900F31 /* AppDelegate.swift in Sources */,
				79ECC8E8256E470C00F1E7FE /* TakeTableDetailViewCell.swift in Sources */,
				791D505E2577F54B000CD35E /* AudioLevelView.swift in Sources */,
				795A0DDF25134DFD00DE340B /* WaveformImageDrawer.swift in Sources */,
				7948C48A253651F700BE64E9 /* ItemDetailVC.swift in Sources */,
				79C83DBA24DA92CE00B23001 /* UserSettings.swift in Sources */,
				79DC8CF225116D6F00396FE1 /* TempiFFT.swift in Sources */,
				798545B6250A16D800D6A1D2 /* MDataTextEditCellController.swift in Sources */,
				79F000322529CEDE00535143 /* DropboxVC.swift in Sources */,
				79D223FC24D967DB00900F31 /* Colors.swift in Sources */,
				79BDA0832503DA210000B18B /* TakeCollectionViewFlowLayout.swift in Sources */,
				795A0DE625149D0A00DE340B /* MetadataAddPopoverVC.swift in Sources */,
				79BDA0802503C0D40000B18B /* MDataEditCellController.swift in Sources */,
				79BDA07C250256900000B18B /* MDataStaticCellController.swift in Sources */,
				79BDA08D2506D2510000B18B /* CategoryParser.swift in Sources */,
				79BDA0682500C9F50000B18B /* AudioCaptureSession.swift in Sources */,
				795A0DDD25134D9600DE340B /* WaveformImageView.swift in Sources */,
				79BDA06624FF958B0000B18B /* AudioInputVisualizer.swift in Sources */,
				79BDA06B25011AFE0000B18B /* MetaDataItem.swift in Sources */,
				79CA624A251BE9E300FB53A0 /* MDataImageCellController.swift in Sources */,
				79DC8CF025116C8300396FE1 /* WaveformAnalyzer.swift in Sources */,
				7946F1AC251F1FA500EA9580 /* PopoverVC.swift in Sources */,
				791D50392575317A000CD35E /* DropboxManager.swift in Sources */,
				79CDBBA324FD63FA005AA182 /* TakesTableViewCell.swift in Sources */,
				79BDA08A2504B2690000B18B /* MDataSectionHeader.swift in Sources */,
				79BDA086250433370000B18B /* MDataActiveDoubleCellController.swift in Sources */,
				7946F1B6251F282600EA9580 /* PopoverCellController.swift in Sources */,
				79825BA324DA0D45008C0D04 /* TakesVC.swift in Sources */,
				79D223F524D95AFF00900F31 /* CoreDataController.swift in Sources */,
				79D223FF24D975B500900F31 /* RecordingTimer.swift in Sources */,
				79D223F724D9600C00900F31 /* RecordVC.swift in Sources */,
				79DC8CE52510010300396FE1 /* ShareVC.swift in Sources */,
				79825BA124D97B15008C0D04 /* SettingsVC.swift in Sources */,
				79DC8CE8251003E800396FE1 /* CloudDataManager.swift in Sources */,
				79CA624F251BF7DD00FB53A0 /* ImagePicker.swift in Sources */,
				79D223CC24D950D000900F31 /* AudioRecorder.xcdatamodeld in Sources */,
				792D6AFD2570618D006B5360 /* ICloudView.swift in Sources */,
				7975051325246B50002C21C5 /* MDataAudioPopoverVC.swift in Sources */,
				7975050D2523D22D002C21C5 /* MDataAudioCellController.swift in Sources */,
				793D907D2580FFB8004F8A81 /* DropboxView.swift in Sources */,
				79BDA070250125B00000B18B /* JSONParser.swift in Sources */,
				79CDBBA824FE44E3005AA182 /* Extensions.swift in Sources */,
				79825BA524DA1082008C0D04 /* SettingsTableViewCell.swift in Sources */,
				798656F72514A92800DD610F /* MetadataAddCellController.swift in Sources */,
				795A0DE325135A7E00DE340B /* ColorExtensions.swift in Sources */,
				7931A661256F154A005F1FDB /* CloudVC.swift in Sources */,
				7975051D2524DAE8002C21C5 /* Recorder.swift in Sources */,
				79E257092598B2B500C18BC2 /* IndicatorViewController.swift in Sources */,
				79825BA724DA145A008C0D04 /* Settings.swift in Sources */,
				795A0DE125134F3B00DE340B /* WaveformImageTypes.swift in Sources */,
				79CDBBA524FDA7AE005AA182 /* Take.swift in Sources */,
				7960298E257D8C0D00BC038A /* AudioInputGainView.swift in Sources */,
				79CDBBAA24FE5313005AA182 /* Takes.swift in Sources */,
				791D50312574F76F000CD35E /* SettingsTableBoolCell.swift in Sources */,
				79CDBBAD24FE650F005AA182 /* ModalAudioPlayerVC.swift in Sources */,
				79DC8CEE25101CEC00396FE1 /* TakeCKRecordModel.swift in Sources */,
				796029A3257E16D500BC038A /* AudioInputLevelView.swift in Sources */,
				798545AF2506D6DB00D6A1D2 /* CategoryPopoverVC.swift in Sources */,
				79D223C424D950D000900F31 /* SceneDelegate.swift in Sources */,
			);
			runOnlyForDeploymentPostprocessing = 0;
		};
		79D223D324D950D200900F31 /* Sources */ = {
			isa = PBXSourcesBuildPhase;
			buildActionMask = 2147483647;
			files = (
				79D223DC24D950D200900F31 /* AudioRecorderTests.swift in Sources */,
			);
			runOnlyForDeploymentPostprocessing = 0;
		};
		79D223DE24D950D200900F31 /* Sources */ = {
			isa = PBXSourcesBuildPhase;
			buildActionMask = 2147483647;
			files = (
				79D223E724D950D200900F31 /* AudioRecorderUITests.swift in Sources */,
			);
			runOnlyForDeploymentPostprocessing = 0;
		};
/* End PBXSourcesBuildPhase section */

/* Begin PBXTargetDependency section */
		79D223D924D950D200900F31 /* PBXTargetDependency */ = {
			isa = PBXTargetDependency;
			target = 79D223BD24D950D000900F31 /* AudioRecorder */;
			targetProxy = 79D223D824D950D200900F31 /* PBXContainerItemProxy */;
		};
		79D223E424D950D200900F31 /* PBXTargetDependency */ = {
			isa = PBXTargetDependency;
			target = 79D223BD24D950D000900F31 /* AudioRecorder */;
			targetProxy = 79D223E324D950D200900F31 /* PBXContainerItemProxy */;
		};
/* End PBXTargetDependency section */

/* Begin PBXVariantGroup section */
		79D223C724D950D000900F31 /* Main.storyboard */ = {
			isa = PBXVariantGroup;
			children = (
				79D223C824D950D000900F31 /* Base */,
			);
			name = Main.storyboard;
			sourceTree = "<group>";
		};
		79D223CF24D950D200900F31 /* LaunchScreen.storyboard */ = {
			isa = PBXVariantGroup;
			children = (
				79D223D024D950D200900F31 /* Base */,
			);
			name = LaunchScreen.storyboard;
			sourceTree = "<group>";
		};
/* End PBXVariantGroup section */

/* Begin XCBuildConfiguration section */
		79D223E924D950D200900F31 /* Debug */ = {
			isa = XCBuildConfiguration;
			buildSettings = {
				ALWAYS_SEARCH_USER_PATHS = NO;
				CLANG_ANALYZER_NONNULL = YES;
				CLANG_ANALYZER_NUMBER_OBJECT_CONVERSION = YES_AGGRESSIVE;
				CLANG_CXX_LANGUAGE_STANDARD = "gnu++14";
				CLANG_CXX_LIBRARY = "libc++";
				CLANG_ENABLE_MODULES = YES;
				CLANG_ENABLE_OBJC_ARC = YES;
				CLANG_ENABLE_OBJC_WEAK = YES;
				CLANG_WARN_BLOCK_CAPTURE_AUTORELEASING = YES;
				CLANG_WARN_BOOL_CONVERSION = YES;
				CLANG_WARN_COMMA = YES;
				CLANG_WARN_CONSTANT_CONVERSION = YES;
				CLANG_WARN_DEPRECATED_OBJC_IMPLEMENTATIONS = YES;
				CLANG_WARN_DIRECT_OBJC_ISA_USAGE = YES_ERROR;
				CLANG_WARN_DOCUMENTATION_COMMENTS = YES;
				CLANG_WARN_EMPTY_BODY = YES;
				CLANG_WARN_ENUM_CONVERSION = YES;
				CLANG_WARN_INFINITE_RECURSION = YES;
				CLANG_WARN_INT_CONVERSION = YES;
				CLANG_WARN_NON_LITERAL_NULL_CONVERSION = YES;
				CLANG_WARN_OBJC_IMPLICIT_RETAIN_SELF = YES;
				CLANG_WARN_OBJC_LITERAL_CONVERSION = YES;
				CLANG_WARN_OBJC_ROOT_CLASS = YES_ERROR;
				CLANG_WARN_RANGE_LOOP_ANALYSIS = YES;
				CLANG_WARN_STRICT_PROTOTYPES = YES;
				CLANG_WARN_SUSPICIOUS_MOVE = YES;
				CLANG_WARN_UNGUARDED_AVAILABILITY = YES_AGGRESSIVE;
				CLANG_WARN_UNREACHABLE_CODE = YES;
				CLANG_WARN__DUPLICATE_METHOD_MATCH = YES;
				COPY_PHASE_STRIP = NO;
				DEBUG_INFORMATION_FORMAT = dwarf;
				ENABLE_STRICT_OBJC_MSGSEND = YES;
				ENABLE_TESTABILITY = YES;
				GCC_C_LANGUAGE_STANDARD = gnu11;
				GCC_DYNAMIC_NO_PIC = NO;
				GCC_NO_COMMON_BLOCKS = YES;
				GCC_OPTIMIZATION_LEVEL = 0;
				GCC_PREPROCESSOR_DEFINITIONS = (
					"DEBUG=1",
					"$(inherited)",
				);
				GCC_WARN_64_TO_32_BIT_CONVERSION = YES;
				GCC_WARN_ABOUT_RETURN_TYPE = YES_ERROR;
				GCC_WARN_UNDECLARED_SELECTOR = YES;
				GCC_WARN_UNINITIALIZED_AUTOS = YES_AGGRESSIVE;
				GCC_WARN_UNUSED_FUNCTION = YES;
				GCC_WARN_UNUSED_VARIABLE = YES;
				IPHONEOS_DEPLOYMENT_TARGET = 10.3;
				MTL_ENABLE_DEBUG_INFO = INCLUDE_SOURCE;
				MTL_FAST_MATH = YES;
				ONLY_ACTIVE_ARCH = YES;
				SDKROOT = iphoneos;
				SWIFT_ACTIVE_COMPILATION_CONDITIONS = DEBUG;
				SWIFT_OPTIMIZATION_LEVEL = "-Onone";
			};
			name = Debug;
		};
		79D223EA24D950D200900F31 /* Release */ = {
			isa = XCBuildConfiguration;
			buildSettings = {
				ALWAYS_SEARCH_USER_PATHS = NO;
				CLANG_ANALYZER_NONNULL = YES;
				CLANG_ANALYZER_NUMBER_OBJECT_CONVERSION = YES_AGGRESSIVE;
				CLANG_CXX_LANGUAGE_STANDARD = "gnu++14";
				CLANG_CXX_LIBRARY = "libc++";
				CLANG_ENABLE_MODULES = YES;
				CLANG_ENABLE_OBJC_ARC = YES;
				CLANG_ENABLE_OBJC_WEAK = YES;
				CLANG_WARN_BLOCK_CAPTURE_AUTORELEASING = YES;
				CLANG_WARN_BOOL_CONVERSION = YES;
				CLANG_WARN_COMMA = YES;
				CLANG_WARN_CONSTANT_CONVERSION = YES;
				CLANG_WARN_DEPRECATED_OBJC_IMPLEMENTATIONS = YES;
				CLANG_WARN_DIRECT_OBJC_ISA_USAGE = YES_ERROR;
				CLANG_WARN_DOCUMENTATION_COMMENTS = YES;
				CLANG_WARN_EMPTY_BODY = YES;
				CLANG_WARN_ENUM_CONVERSION = YES;
				CLANG_WARN_INFINITE_RECURSION = YES;
				CLANG_WARN_INT_CONVERSION = YES;
				CLANG_WARN_NON_LITERAL_NULL_CONVERSION = YES;
				CLANG_WARN_OBJC_IMPLICIT_RETAIN_SELF = YES;
				CLANG_WARN_OBJC_LITERAL_CONVERSION = YES;
				CLANG_WARN_OBJC_ROOT_CLASS = YES_ERROR;
				CLANG_WARN_RANGE_LOOP_ANALYSIS = YES;
				CLANG_WARN_STRICT_PROTOTYPES = YES;
				CLANG_WARN_SUSPICIOUS_MOVE = YES;
				CLANG_WARN_UNGUARDED_AVAILABILITY = YES_AGGRESSIVE;
				CLANG_WARN_UNREACHABLE_CODE = YES;
				CLANG_WARN__DUPLICATE_METHOD_MATCH = YES;
				COPY_PHASE_STRIP = NO;
				DEBUG_INFORMATION_FORMAT = "dwarf-with-dsym";
				ENABLE_NS_ASSERTIONS = NO;
				ENABLE_STRICT_OBJC_MSGSEND = YES;
				GCC_C_LANGUAGE_STANDARD = gnu11;
				GCC_NO_COMMON_BLOCKS = YES;
				GCC_WARN_64_TO_32_BIT_CONVERSION = YES;
				GCC_WARN_ABOUT_RETURN_TYPE = YES_ERROR;
				GCC_WARN_UNDECLARED_SELECTOR = YES;
				GCC_WARN_UNINITIALIZED_AUTOS = YES_AGGRESSIVE;
				GCC_WARN_UNUSED_FUNCTION = YES;
				GCC_WARN_UNUSED_VARIABLE = YES;
				IPHONEOS_DEPLOYMENT_TARGET = 10.3;
				MTL_ENABLE_DEBUG_INFO = NO;
				MTL_FAST_MATH = YES;
				SDKROOT = iphoneos;
				SWIFT_COMPILATION_MODE = wholemodule;
				SWIFT_OPTIMIZATION_LEVEL = "-O";
				VALIDATE_PRODUCT = YES;
			};
			name = Release;
		};
		79D223EC24D950D200900F31 /* Debug */ = {
			isa = XCBuildConfiguration;
			buildSettings = {
				ASSETCATALOG_COMPILER_APPICON_NAME = AppIcon;
				CODE_SIGN_ENTITLEMENTS = AudioRecorder/AudioRecorderDebug.entitlements;
				CODE_SIGN_STYLE = Automatic;
				CURRENT_PROJECT_VERSION = 4;
				DEVELOPMENT_TEAM = X5Y6N27R4M;
				INFOPLIST_FILE = AudioRecorder/Info.plist;
				IPHONEOS_DEPLOYMENT_TARGET = 10.3;
				LD_RUNPATH_SEARCH_PATHS = (
					"$(inherited)",
					"@executable_path/Frameworks",
				);
				MARKETING_VERSION = 2.01;
				PRODUCT_BUNDLE_IDENTIFIER = com.devwolf.AudioRecorder;
				PRODUCT_NAME = "$(TARGET_NAME)";
				SWIFT_VERSION = 5.0;
				TARGETED_DEVICE_FAMILY = "1,2";
			};
			name = Debug;
		};
		79D223ED24D950D200900F31 /* Release */ = {
			isa = XCBuildConfiguration;
			buildSettings = {
				ASSETCATALOG_COMPILER_APPICON_NAME = AppIcon;
				CODE_SIGN_ENTITLEMENTS = AudioRecorder/AudioRecorder.entitlements;
				CODE_SIGN_STYLE = Automatic;
				CURRENT_PROJECT_VERSION = 4;
				DEVELOPMENT_TEAM = X5Y6N27R4M;
				INFOPLIST_FILE = AudioRecorder/Info.plist;
				IPHONEOS_DEPLOYMENT_TARGET = 10.3;
				LD_RUNPATH_SEARCH_PATHS = (
					"$(inherited)",
					"@executable_path/Frameworks",
				);
				MARKETING_VERSION = 2.01;
				PRODUCT_BUNDLE_IDENTIFIER = com.devwolf.AudioRecorder;
				PRODUCT_NAME = "$(TARGET_NAME)";
				SWIFT_VERSION = 5.0;
				TARGETED_DEVICE_FAMILY = "1,2";
			};
			name = Release;
		};
		79D223EF24D950D200900F31 /* Debug */ = {
			isa = XCBuildConfiguration;
			buildSettings = {
				ALWAYS_EMBED_SWIFT_STANDARD_LIBRARIES = YES;
				BUNDLE_LOADER = "$(TEST_HOST)";
				CODE_SIGN_STYLE = Automatic;
				DEVELOPMENT_TEAM = X5Y6N27R4M;
				INFOPLIST_FILE = AudioRecorderTests/Info.plist;
				IPHONEOS_DEPLOYMENT_TARGET = 13.5;
				LD_RUNPATH_SEARCH_PATHS = (
					"$(inherited)",
					"@executable_path/Frameworks",
					"@loader_path/Frameworks",
				);
				PRODUCT_BUNDLE_IDENTIFIER = com.devwolf.AudioRecorderTests;
				PRODUCT_NAME = "$(TARGET_NAME)";
				SWIFT_VERSION = 5.0;
				TARGETED_DEVICE_FAMILY = "1,2";
				TEST_HOST = "$(BUILT_PRODUCTS_DIR)/AudioRecorder.app/AudioRecorder";
			};
			name = Debug;
		};
		79D223F024D950D200900F31 /* Release */ = {
			isa = XCBuildConfiguration;
			buildSettings = {
				ALWAYS_EMBED_SWIFT_STANDARD_LIBRARIES = YES;
				BUNDLE_LOADER = "$(TEST_HOST)";
				CODE_SIGN_STYLE = Automatic;
				DEVELOPMENT_TEAM = X5Y6N27R4M;
				INFOPLIST_FILE = AudioRecorderTests/Info.plist;
				IPHONEOS_DEPLOYMENT_TARGET = 13.5;
				LD_RUNPATH_SEARCH_PATHS = (
					"$(inherited)",
					"@executable_path/Frameworks",
					"@loader_path/Frameworks",
				);
				PRODUCT_BUNDLE_IDENTIFIER = com.devwolf.AudioRecorderTests;
				PRODUCT_NAME = "$(TARGET_NAME)";
				SWIFT_VERSION = 5.0;
				TARGETED_DEVICE_FAMILY = "1,2";
				TEST_HOST = "$(BUILT_PRODUCTS_DIR)/AudioRecorder.app/AudioRecorder";
			};
			name = Release;
		};
		79D223F224D950D200900F31 /* Debug */ = {
			isa = XCBuildConfiguration;
			buildSettings = {
				ALWAYS_EMBED_SWIFT_STANDARD_LIBRARIES = YES;
				CODE_SIGN_STYLE = Automatic;
				DEVELOPMENT_TEAM = X5Y6N27R4M;
				INFOPLIST_FILE = AudioRecorderUITests/Info.plist;
				LD_RUNPATH_SEARCH_PATHS = (
					"$(inherited)",
					"@executable_path/Frameworks",
					"@loader_path/Frameworks",
				);
				PRODUCT_BUNDLE_IDENTIFIER = com.devwolf.AudioRecorderUITests;
				PRODUCT_NAME = "$(TARGET_NAME)";
				SWIFT_VERSION = 5.0;
				TARGETED_DEVICE_FAMILY = "1,2";
				TEST_TARGET_NAME = AudioRecorder;
			};
			name = Debug;
		};
		79D223F324D950D200900F31 /* Release */ = {
			isa = XCBuildConfiguration;
			buildSettings = {
				ALWAYS_EMBED_SWIFT_STANDARD_LIBRARIES = YES;
				CODE_SIGN_STYLE = Automatic;
				DEVELOPMENT_TEAM = X5Y6N27R4M;
				INFOPLIST_FILE = AudioRecorderUITests/Info.plist;
				LD_RUNPATH_SEARCH_PATHS = (
					"$(inherited)",
					"@executable_path/Frameworks",
					"@loader_path/Frameworks",
				);
				PRODUCT_BUNDLE_IDENTIFIER = com.devwolf.AudioRecorderUITests;
				PRODUCT_NAME = "$(TARGET_NAME)";
				SWIFT_VERSION = 5.0;
				TARGETED_DEVICE_FAMILY = "1,2";
				TEST_TARGET_NAME = AudioRecorder;
			};
			name = Release;
		};
/* End XCBuildConfiguration section */

/* Begin XCConfigurationList section */
		79D223B924D950D000900F31 /* Build configuration list for PBXProject "AudioRecorder" */ = {
			isa = XCConfigurationList;
			buildConfigurations = (
				79D223E924D950D200900F31 /* Debug */,
				79D223EA24D950D200900F31 /* Release */,
			);
			defaultConfigurationIsVisible = 0;
			defaultConfigurationName = Release;
		};
		79D223EB24D950D200900F31 /* Build configuration list for PBXNativeTarget "AudioRecorder" */ = {
			isa = XCConfigurationList;
			buildConfigurations = (
				79D223EC24D950D200900F31 /* Debug */,
				79D223ED24D950D200900F31 /* Release */,
			);
			defaultConfigurationIsVisible = 0;
			defaultConfigurationName = Release;
		};
		79D223EE24D950D200900F31 /* Build configuration list for PBXNativeTarget "AudioRecorderTests" */ = {
			isa = XCConfigurationList;
			buildConfigurations = (
				79D223EF24D950D200900F31 /* Debug */,
				79D223F024D950D200900F31 /* Release */,
			);
			defaultConfigurationIsVisible = 0;
			defaultConfigurationName = Release;
		};
		79D223F124D950D200900F31 /* Build configuration list for PBXNativeTarget "AudioRecorderUITests" */ = {
			isa = XCConfigurationList;
			buildConfigurations = (
				79D223F224D950D200900F31 /* Debug */,
				79D223F324D950D200900F31 /* Release */,
			);
			defaultConfigurationIsVisible = 0;
			defaultConfigurationName = Release;
		};
/* End XCConfigurationList section */

/* Begin XCRemoteSwiftPackageReference section */
		798F3E7D2540DD55002971B2 /* XCRemoteSwiftPackageReference "Alamofire" */ = {
			isa = XCRemoteSwiftPackageReference;
			repositoryURL = "https://github.com/Alamofire/Alamofire.git";
			requirement = {
				kind = exactVersion;
				version = 4.8.2;
			};
		};
		79F0002B2529C70100535143 /* XCRemoteSwiftPackageReference "SwiftyDropbox" */ = {
			isa = XCRemoteSwiftPackageReference;
			repositoryURL = "https://github.com/dropbox/SwiftyDropbox.git";
			requirement = {
				kind = upToNextMajorVersion;
				minimumVersion = 6.0.3;
			};
		};
/* End XCRemoteSwiftPackageReference section */

/* Begin XCSwiftPackageProductDependency section */
		798F3E7E2540DD55002971B2 /* Alamofire */ = {
			isa = XCSwiftPackageProductDependency;
			package = 798F3E7D2540DD55002971B2 /* XCRemoteSwiftPackageReference "Alamofire" */;
			productName = Alamofire;
		};
		7992D4D5252CB16A00D4E40F /* SwiftyDropbox */ = {
			isa = XCSwiftPackageProductDependency;
			package = 79F0002B2529C70100535143 /* XCRemoteSwiftPackageReference "SwiftyDropbox" */;
			productName = SwiftyDropbox;
		};
/* End XCSwiftPackageProductDependency section */

/* Begin XCVersionGroup section */
		79D223CA24D950D000900F31 /* AudioRecorder.xcdatamodeld */ = {
			isa = XCVersionGroup;
			children = (
				79D223CB24D950D000900F31 /* AudioRecorder.xcdatamodel */,
			);
			currentVersion = 79D223CB24D950D000900F31 /* AudioRecorder.xcdatamodel */;
			path = AudioRecorder.xcdatamodeld;
			sourceTree = "<group>";
			versionGroupType = wrapper.xcdatamodel;
		};
/* End XCVersionGroup section */
	};
	rootObject = 79D223B624D950D000900F31 /* Project object */;
}
